// !$*UTF8*$!
{
	archiveVersion = 1;
	classes = {
	};
	objectVersion = 50;
	objects = {

/* Begin PBXBuildFile section */
		B39CA7B224D453CE00B00769 /* AppDelegate.swift in Sources */ = {isa = PBXBuildFile; fileRef = B39CA7B124D453CE00B00769 /* AppDelegate.swift */; };
		B39CA7B424D453CE00B00769 /* SceneDelegate.swift in Sources */ = {isa = PBXBuildFile; fileRef = B39CA7B324D453CE00B00769 /* SceneDelegate.swift */; };
		B39CA7B624D453CE00B00769 /* ViewController.swift in Sources */ = {isa = PBXBuildFile; fileRef = B39CA7B524D453CE00B00769 /* ViewController.swift */; };
		B39CA7B924D453CE00B00769 /* Main.storyboard in Resources */ = {isa = PBXBuildFile; fileRef = B39CA7B724D453CE00B00769 /* Main.storyboard */; };
		B39CA7BB24D453D200B00769 /* Assets.xcassets in Resources */ = {isa = PBXBuildFile; fileRef = B39CA7BA24D453D200B00769 /* Assets.xcassets */; };
		B39CA7BE24D453D200B00769 /* LaunchScreen.storyboard in Resources */ = {isa = PBXBuildFile; fileRef = B39CA7BC24D453D200B00769 /* LaunchScreen.storyboard */; };
/* End PBXBuildFile section */

/* Begin PBXFileReference section */
		B39CA7AE24D453CE00B00769 /* HiddenPhotos.app */ = {isa = PBXFileReference; explicitFileType = wrapper.application; includeInIndex = 0; path = HiddenPhotos.app; sourceTree = BUILT_PRODUCTS_DIR; };
		B39CA7B124D453CE00B00769 /* AppDelegate.swift */ = {isa = PBXFileReference; lastKnownFileType = sourcecode.swift; path = AppDelegate.swift; sourceTree = "<group>"; };
		B39CA7B324D453CE00B00769 /* SceneDelegate.swift */ = {isa = PBXFileReference; lastKnownFileType = sourcecode.swift; path = SceneDelegate.swift; sourceTree = "<group>"; };
		B39CA7B524D453CE00B00769 /* ViewController.swift */ = {isa = PBXFileReference; lastKnownFileType = sourcecode.swift; path = ViewController.swift; sourceTree = "<group>"; };
		B39CA7B824D453CE00B00769 /* Base */ = {isa = PBXFileReference; lastKnownFileType = file.storyboard; name = Base; path = Base.lproj/Main.storyboard; sourceTree = "<group>"; };
		B39CA7BA24D453D200B00769 /* Assets.xcassets */ = {isa = PBXFileReference; lastKnownFileType = folder.assetcatalog; path = Assets.xcassets; sourceTree = "<group>"; };
		B39CA7BD24D453D200B00769 /* Base */ = {isa = PBXFileReference; lastKnownFileType = file.storyboard; name = Base; path = Base.lproj/LaunchScreen.storyboard; sourceTree = "<group>"; };
		B39CA7BF24D453D200B00769 /* Info.plist */ = {isa = PBXFileReference; lastKnownFileType = text.plist.xml; path = Info.plist; sourceTree = "<group>"; };
/* End PBXFileReference section */

/* Begin PBXFrameworksBuildPhase section */
		B39CA7AB24D453CE00B00769 /* Frameworks */ = {
			isa = PBXFrameworksBuildPhase;
			buildActionMask = 2147483647;
			files = (
			);
			runOnlyForDeploymentPostprocessing = 0;
		};
/* End PBXFrameworksBuildPhase section */

/* Begin PBXGroup section */
		B39CA7A524D453CE00B00769 = {
			isa = PBXGroup;
			children = (
				B39CA7B024D453CE00B00769 /* HiddenPhotos */,
				B39CA7AF24D453CE00B00769 /* Products */,
			);
			sourceTree = "<group>";
		};
		B39CA7AF24D453CE00B00769 /* Products */ = {
			isa = PBXGroup;
			children = (
				B39CA7AE24D453CE00B00769 /* HiddenPhotos.app */,
			);
			name = Products;
			sourceTree = "<group>";
		};
		B39CA7B024D453CE00B00769 /* HiddenPhotos */ = {
			isa = PBXGroup;
			children = (
				B39CA7B124D453CE00B00769 /* AppDelegate.swift */,
				B39CA7B324D453CE00B00769 /* SceneDelegate.swift */,
				B39CA7B524D453CE00B00769 /* ViewController.swift */,
				B39CA7B724D453CE00B00769 /* Main.storyboard */,
				B39CA7BA24D453D200B00769 /* Assets.xcassets */,
				B39CA7BC24D453D200B00769 /* LaunchScreen.storyboard */,
				B39CA7BF24D453D200B00769 /* Info.plist */,
			);
			path = HiddenPhotos;
			sourceTree = "<group>";
		};
/* End PBXGroup section */

/* Begin PBXNativeTarget section */
		B39CA7AD24D453CE00B00769 /* HiddenPhotos */ = {
			isa = PBXNativeTarget;
			buildConfigurationList = B39CA7C224D453D200B00769 /* Build configuration list for PBXNativeTarget "HiddenPhotos" */;
			buildPhases = (
				B39CA7AA24D453CE00B00769 /* Sources */,
				B39CA7AB24D453CE00B00769 /* Frameworks */,
				B39CA7AC24D453CE00B00769 /* Resources */,
			);
			buildRules = (
			);
			dependencies = (
			);
			name = HiddenPhotos;
			productName = HiddenPhotos;
			productReference = B39CA7AE24D453CE00B00769 /* HiddenPhotos.app */;
			productType = "com.apple.product-type.application";
		};
/* End PBXNativeTarget section */

/* Begin PBXProject section */
		B39CA7A624D453CE00B00769 /* Project object */ = {
			isa = PBXProject;
			attributes = {
				LastSwiftUpdateCheck = 1160;
				LastUpgradeCheck = 1160;
				ORGANIZATIONNAME = "Guillermo Peñarando Sánchez";
				TargetAttributes = {
					B39CA7AD24D453CE00B00769 = {
						CreatedOnToolsVersion = 11.6;
					};
				};
			};
			buildConfigurationList = B39CA7A924D453CE00B00769 /* Build configuration list for PBXProject "HiddenPhotos" */;
			compatibilityVersion = "Xcode 9.3";
			developmentRegion = en;
			hasScannedForEncodings = 0;
			knownRegions = (
				en,
				Base,
			);
			mainGroup = B39CA7A524D453CE00B00769;
			productRefGroup = B39CA7AF24D453CE00B00769 /* Products */;
			projectDirPath = "";
			projectRoot = "";
			targets = (
				B39CA7AD24D453CE00B00769 /* HiddenPhotos */,
			);
		};
/* End PBXProject section */

/* Begin PBXResourcesBuildPhase section */
		B39CA7AC24D453CE00B00769 /* Resources */ = {
			isa = PBXResourcesBuildPhase;
			buildActionMask = 2147483647;
			files = (
				B39CA7BE24D453D200B00769 /* LaunchScreen.storyboard in Resources */,
				B39CA7BB24D453D200B00769 /* Assets.xcassets in Resources */,
				B39CA7B924D453CE00B00769 /* Main.storyboard in Resources */,
			);
			runOnlyForDeploymentPostprocessing = 0;
		};
/* End PBXResourcesBuildPhase section */

/* Begin PBXSourcesBuildPhase section */
		B39CA7AA24D453CE00B00769 /* Sources */ = {
			isa = PBXSourcesBuildPhase;
			buildActionMask = 2147483647;
			files = (
				B39CA7B624D453CE00B00769 /* ViewController.swift in Sources */,
				B39CA7B224D453CE00B00769 /* AppDelegate.swift in Sources */,
				B39CA7B424D453CE00B00769 /* SceneDelegate.swift in Sources */,
			);
			runOnlyForDeploymentPostprocessing = 0;
		};
/* End PBXSourcesBuildPhase section */

/* Begin PBXVariantGroup section */
		B39CA7B724D453CE00B00769 /* Main.storyboard */ = {
			isa = PBXVariantGroup;
			children = (
				B39CA7B824D453CE00B00769 /* Base */,
			);
			name = Main.storyboard;
			sourceTree = "<group>";
		};
		B39CA7BC24D453D200B00769 /* LaunchScreen.storyboard */ = {
			isa = PBXVariantGroup;
			children = (
				B39CA7BD24D453D200B00769 /* Base */,
			);
			name = LaunchScreen.storyboard;
			sourceTree = "<group>";
		};
/* End PBXVariantGroup section */

/* Begin XCBuildConfiguration section */
		B39CA7C024D453D200B00769 /* Debug */ = {
			isa = XCBuildConfiguration;
			buildSettings = {
				ALWAYS_SEARCH_USER_PATHS = NO;
				CLANG_ANALYZER_NONNULL = YES;
				CLANG_ANALYZER_NUMBER_OBJECT_CONVERSION = YES_AGGRESSIVE;
				CLANG_CXX_LANGUAGE_STANDARD = "gnu++14";
				CLANG_CXX_LIBRARY = "libc++";
				CLANG_ENABLE_MODULES = YES;
				CLANG_ENABLE_OBJC_ARC = YES;
				CLANG_ENABLE_OBJC_WEAK = YES;
				CLANG_WARN_BLOCK_CAPTURE_AUTORELEASING = YES;
				CLANG_WARN_BOOL_CONVERSION = YES;
				CLANG_WARN_COMMA = YES;
				CLANG_WARN_CONSTANT_CONVERSION = YES;
				CLANG_WARN_DEPRECATED_OBJC_IMPLEMENTATIONS = YES;
				CLANG_WARN_DIRECT_OBJC_ISA_USAGE = YES_ERROR;
				CLANG_WARN_DOCUMENTATION_COMMENTS = YES;
				CLANG_WARN_EMPTY_BODY = YES;
				CLANG_WARN_ENUM_CONVERSION = YES;
				CLANG_WARN_INFINITE_RECURSION = YES;
				CLANG_WARN_INT_CONVERSION = YES;
				CLANG_WARN_NON_LITERAL_NULL_CONVERSION = YES;
				CLANG_WARN_OBJC_IMPLICIT_RETAIN_SELF = YES;
				CLANG_WARN_OBJC_LITERAL_CONVERSION = YES;
				CLANG_WARN_OBJC_ROOT_CLASS = YES_ERROR;
				CLANG_WARN_RANGE_LOOP_ANALYSIS = YES;
				CLANG_WARN_STRICT_PROTOTYPES = YES;
				CLANG_WARN_SUSPICIOUS_MOVE = YES;
				CLANG_WARN_UNGUARDED_AVAILABILITY = YES_AGGRESSIVE;
				CLANG_WARN_UNREACHABLE_CODE = YES;
				CLANG_WARN__DUPLICATE_METHOD_MATCH = YES;
				COPY_PHASE_STRIP = NO;
				DEBUG_INFORMATION_FORMAT = dwarf;
				ENABLE_STRICT_OBJC_MSGSEND = YES;
				ENABLE_TESTABILITY = YES;
				GCC_C_LANGUAGE_STANDARD = gnu11;
				GCC_DYNAMIC_NO_PIC = NO;
				GCC_NO_COMMON_BLOCKS = YES;
				GCC_OPTIMIZATION_LEVEL = 0;
				GCC_PREPROCESSOR_DEFINITIONS = (
					"DEBUG=1",
					"$(inherited)",
				);
				GCC_WARN_64_TO_32_BIT_CONVERSION = YES;
				GCC_WARN_ABOUT_RETURN_TYPE = YES_ERROR;
				GCC_WARN_UNDECLARED_SELECTOR = YES;
				GCC_WARN_UNINITIALIZED_AUTOS = YES_AGGRESSIVE;
				GCC_WARN_UNUSED_FUNCTION = YES;
				GCC_WARN_UNUSED_VARIABLE = YES;
				IPHONEOS_DEPLOYMENT_TARGET = 13.6;
				MTL_ENABLE_DEBUG_INFO = INCLUDE_SOURCE;
				MTL_FAST_MATH = YES;
				ONLY_ACTIVE_ARCH = YES;
				SDKROOT = iphoneos;
				SWIFT_ACTIVE_COMPILATION_CONDITIONS = DEBUG;
				SWIFT_OPTIMIZATION_LEVEL = "-Onone";
			};
			name = Debug;
		};
		B39CA7C124D453D200B00769 /* Release */ = {
			isa = XCBuildConfiguration;
			buildSettings = {
				ALWAYS_SEARCH_USER_PATHS = NO;
				CLANG_ANALYZER_NONNULL = YES;
				CLANG_ANALYZER_NUMBER_OBJECT_CONVERSION = YES_AGGRESSIVE;
				CLANG_CXX_LANGUAGE_STANDARD = "gnu++14";
				CLANG_CXX_LIBRARY = "libc++";
				CLANG_ENABLE_MODULES = YES;
				CLANG_ENABLE_OBJC_ARC = YES;
				CLANG_ENABLE_OBJC_WEAK = YES;
				CLANG_WARN_BLOCK_CAPTURE_AUTORELEASING = YES;
				CLANG_WARN_BOOL_CONVERSION = YES;
				CLANG_WARN_COMMA = YES;
				CLANG_WARN_CONSTANT_CONVERSION = YES;
				CLANG_WARN_DEPRECATED_OBJC_IMPLEMENTATIONS = YES;
				CLANG_WARN_DIRECT_OBJC_ISA_USAGE = YES_ERROR;
				CLANG_WARN_DOCUMENTATION_COMMENTS = YES;
				CLANG_WARN_EMPTY_BODY = YES;
				CLANG_WARN_ENUM_CONVERSION = YES;
				CLANG_WARN_INFINITE_RECURSION = YES;
				CLANG_WARN_INT_CONVERSION = YES;
				CLANG_WARN_NON_LITERAL_NULL_CONVERSION = YES;
				CLANG_WARN_OBJC_IMPLICIT_RETAIN_SELF = YES;
				CLANG_WARN_OBJC_LITERAL_CONVERSION = YES;
				CLANG_WARN_OBJC_ROOT_CLASS = YES_ERROR;
				CLANG_WARN_RANGE_LOOP_ANALYSIS = YES;
				CLANG_WARN_STRICT_PROTOTYPES = YES;
				CLANG_WARN_SUSPICIOUS_MOVE = YES;
				CLANG_WARN_UNGUARDED_AVAILABILITY = YES_AGGRESSIVE;
				CLANG_WARN_UNREACHABLE_CODE = YES;
				CLANG_WARN__DUPLICATE_METHOD_MATCH = YES;
				COPY_PHASE_STRIP = NO;
				DEBUG_INFORMATION_FORMAT = "dwarf-with-dsym";
				ENABLE_NS_ASSERTIONS = NO;
				ENABLE_STRICT_OBJC_MSGSEND = YES;
				GCC_C_LANGUAGE_STANDARD = gnu11;
				GCC_NO_COMMON_BLOCKS = YES;
				GCC_WARN_64_TO_32_BIT_CONVERSION = YES;
				GCC_WARN_ABOUT_RETURN_TYPE = YES_ERROR;
				GCC_WARN_UNDECLARED_SELECTOR = YES;
				GCC_WARN_UNINITIALIZED_AUTOS = YES_AGGRESSIVE;
				GCC_WARN_UNUSED_FUNCTION = YES;
				GCC_WARN_UNUSED_VARIABLE = YES;
				IPHONEOS_DEPLOYMENT_TARGET = 13.6;
				MTL_ENABLE_DEBUG_INFO = NO;
				MTL_FAST_MATH = YES;
				SDKROOT = iphoneos;
				SWIFT_COMPILATION_MODE = wholemodule;
				SWIFT_OPTIMIZATION_LEVEL = "-O";
				VALIDATE_PRODUCT = YES;
			};
			name = Release;
		};
		B39CA7C324D453D200B00769 /* Debug */ = {
			isa = XCBuildConfiguration;
			buildSettings = {
				ASSETCATALOG_COMPILER_APPICON_NAME = AppIcon;
				CODE_SIGN_STYLE = Automatic;
				DEVELOPMENT_TEAM = 56H3888GF3;
				INFOPLIST_FILE = HiddenPhotos/Info.plist;
				LD_RUNPATH_SEARCH_PATHS = (
					"$(inherited)",
					"@executable_path/Frameworks",
				);
				PRODUCT_BUNDLE_IDENTIFIER = dev.guillerpsanchez.HiddenPhotos;
				PRODUCT_NAME = "$(TARGET_NAME)";
				SWIFT_VERSION = 5.0;
				TARGETED_DEVICE_FAMILY = "1,2";
			};
			name = Debug;
		};
		B39CA7C424D453D200B00769 /* Release */ = {
			isa = XCBuildConfiguration;
			buildSettings = {
				ASSETCATALOG_COMPILER_APPICON_NAME = AppIcon;
				CODE_SIGN_STYLE = Automatic;
				DEVELOPMENT_TEAM = 56H3888GF3;
				INFOPLIST_FILE = HiddenPhotos/Info.plist;
				LD_RUNPATH_SEARCH_PATHS = (
					"$(inherited)",
					"@executable_path/Frameworks",
				);
				PRODUCT_BUNDLE_IDENTIFIER = dev.guillerpsanchez.HiddenPhotos;
				PRODUCT_NAME = "$(TARGET_NAME)";
				SWIFT_VERSION = 5.0;
				TARGETED_DEVICE_FAMILY = "1,2";
			};
			name = Release;
		};
/* End XCBuildConfiguration section */

/* Begin XCConfigurationList section */
		B39CA7A924D453CE00B00769 /* Build configuration list for PBXProject "HiddenPhotos" */ = {
			isa = XCConfigurationList;
			buildConfigurations = (
				B39CA7C024D453D200B00769 /* Debug */,
				B39CA7C124D453D200B00769 /* Release */,
			);
			defaultConfigurationIsVisible = 0;
			defaultConfigurationName = Release;
		};
		B39CA7C224D453D200B00769 /* Build configuration list for PBXNativeTarget "HiddenPhotos" */ = {
			isa = XCConfigurationList;
			buildConfigurations = (
				B39CA7C324D453D200B00769 /* Debug */,
				B39CA7C424D453D200B00769 /* Release */,
			);
			defaultConfigurationIsVisible = 0;
			defaultConfigurationName = Release;
		};
/* End XCConfigurationList section */
	};
	rootObject = B39CA7A624D453CE00B00769 /* Project object */;
}
