// !$*UTF8*$!
{
	archiveVersion = 1;
	classes = {
	};
	objectVersion = 51;
	objects = {

/* Begin PBXBuildFile section */
		B38A3D3A24D023EB000AF2A0 /* AppDelegate.swift in Sources */ = {isa = PBXBuildFile; fileRef = B38A3D3924D023EB000AF2A0 /* AppDelegate.swift */; };
		B38A3D3C24D023EB000AF2A0 /* SceneDelegate.swift in Sources */ = {isa = PBXBuildFile; fileRef = B38A3D3B24D023EB000AF2A0 /* SceneDelegate.swift */; };
		B38A3D3E24D023EB000AF2A0 /* ViewController.swift in Sources */ = {isa = PBXBuildFile; fileRef = B38A3D3D24D023EB000AF2A0 /* ViewController.swift */; };
		B38A3D4124D023EB000AF2A0 /* Main.storyboard in Resources */ = {isa = PBXBuildFile; fileRef = B38A3D3F24D023EB000AF2A0 /* Main.storyboard */; };
		B38A3D4324D023ED000AF2A0 /* Assets.xcassets in Resources */ = {isa = PBXBuildFile; fileRef = B38A3D4224D023ED000AF2A0 /* Assets.xcassets */; };
		B38A3D4624D023ED000AF2A0 /* LaunchScreen.storyboard in Resources */ = {isa = PBXBuildFile; fileRef = B38A3D4424D023ED000AF2A0 /* LaunchScreen.storyboard */; };
		D802546F30B331D9CFB43CA5 /* Pods_SecretMessage.framework in Frameworks */ = {isa = PBXBuildFile; fileRef = D50A42386B4E1CC22DD464C7 /* Pods_SecretMessage.framework */; };
/* End PBXBuildFile section */

/* Begin PBXFileReference section */
		0E27398AE3CCA28FDE743184 /* Pods-SecretMessage.release.xcconfig */ = {isa = PBXFileReference; includeInIndex = 1; lastKnownFileType = text.xcconfig; name = "Pods-SecretMessage.release.xcconfig"; path = "Target Support Files/Pods-SecretMessage/Pods-SecretMessage.release.xcconfig"; sourceTree = "<group>"; };
		821A9C6B178401D9CCF72914 /* Pods-SecretMessage.debug.xcconfig */ = {isa = PBXFileReference; includeInIndex = 1; lastKnownFileType = text.xcconfig; name = "Pods-SecretMessage.debug.xcconfig"; path = "Target Support Files/Pods-SecretMessage/Pods-SecretMessage.debug.xcconfig"; sourceTree = "<group>"; };
		B38A3D3624D023EB000AF2A0 /* SecretMessage.app */ = {isa = PBXFileReference; explicitFileType = wrapper.application; includeInIndex = 0; path = SecretMessage.app; sourceTree = BUILT_PRODUCTS_DIR; };
		B38A3D3924D023EB000AF2A0 /* AppDelegate.swift */ = {isa = PBXFileReference; lastKnownFileType = sourcecode.swift; path = AppDelegate.swift; sourceTree = "<group>"; };
		B38A3D3B24D023EB000AF2A0 /* SceneDelegate.swift */ = {isa = PBXFileReference; lastKnownFileType = sourcecode.swift; path = SceneDelegate.swift; sourceTree = "<group>"; };
		B38A3D3D24D023EB000AF2A0 /* ViewController.swift */ = {isa = PBXFileReference; lastKnownFileType = sourcecode.swift; path = ViewController.swift; sourceTree = "<group>"; };
		B38A3D4024D023EB000AF2A0 /* Base */ = {isa = PBXFileReference; lastKnownFileType = file.storyboard; name = Base; path = Base.lproj/Main.storyboard; sourceTree = "<group>"; };
		B38A3D4224D023ED000AF2A0 /* Assets.xcassets */ = {isa = PBXFileReference; lastKnownFileType = folder.assetcatalog; path = Assets.xcassets; sourceTree = "<group>"; };
		B38A3D4524D023ED000AF2A0 /* Base */ = {isa = PBXFileReference; lastKnownFileType = file.storyboard; name = Base; path = Base.lproj/LaunchScreen.storyboard; sourceTree = "<group>"; };
		B38A3D4724D023ED000AF2A0 /* Info.plist */ = {isa = PBXFileReference; lastKnownFileType = text.plist.xml; path = Info.plist; sourceTree = "<group>"; };
		D50A42386B4E1CC22DD464C7 /* Pods_SecretMessage.framework */ = {isa = PBXFileReference; explicitFileType = wrapper.framework; includeInIndex = 0; path = Pods_SecretMessage.framework; sourceTree = BUILT_PRODUCTS_DIR; };
/* End PBXFileReference section */

/* Begin PBXFrameworksBuildPhase section */
		B38A3D3324D023EB000AF2A0 /* Frameworks */ = {
			isa = PBXFrameworksBuildPhase;
			buildActionMask = 2147483647;
			files = (
				D802546F30B331D9CFB43CA5 /* Pods_SecretMessage.framework in Frameworks */,
			);
			runOnlyForDeploymentPostprocessing = 0;
		};
/* End PBXFrameworksBuildPhase section */

/* Begin PBXGroup section */
		21786A7C69240A1722CEC80D /* Frameworks */ = {
			isa = PBXGroup;
			children = (
				D50A42386B4E1CC22DD464C7 /* Pods_SecretMessage.framework */,
			);
			name = Frameworks;
			sourceTree = "<group>";
		};
		A1A4B78B91F491ECD78EF343 /* Pods */ = {
			isa = PBXGroup;
			children = (
				821A9C6B178401D9CCF72914 /* Pods-SecretMessage.debug.xcconfig */,
				0E27398AE3CCA28FDE743184 /* Pods-SecretMessage.release.xcconfig */,
			);
			path = Pods;
			sourceTree = "<group>";
		};
		B38A3D2D24D023EB000AF2A0 = {
			isa = PBXGroup;
			children = (
				B38A3D3824D023EB000AF2A0 /* SecretMessage */,
				B38A3D3724D023EB000AF2A0 /* Products */,
				A1A4B78B91F491ECD78EF343 /* Pods */,
				21786A7C69240A1722CEC80D /* Frameworks */,
			);
			sourceTree = "<group>";
		};
		B38A3D3724D023EB000AF2A0 /* Products */ = {
			isa = PBXGroup;
			children = (
				B38A3D3624D023EB000AF2A0 /* SecretMessage.app */,
			);
			name = Products;
			sourceTree = "<group>";
		};
		B38A3D3824D023EB000AF2A0 /* SecretMessage */ = {
			isa = PBXGroup;
			children = (
				B38A3D3924D023EB000AF2A0 /* AppDelegate.swift */,
				B38A3D3B24D023EB000AF2A0 /* SceneDelegate.swift */,
				B38A3D3D24D023EB000AF2A0 /* ViewController.swift */,
				B38A3D3F24D023EB000AF2A0 /* Main.storyboard */,
				B38A3D4224D023ED000AF2A0 /* Assets.xcassets */,
				B38A3D4424D023ED000AF2A0 /* LaunchScreen.storyboard */,
				B38A3D4724D023ED000AF2A0 /* Info.plist */,
			);
			path = SecretMessage;
			sourceTree = "<group>";
		};
/* End PBXGroup section */

/* Begin PBXNativeTarget section */
		B38A3D3524D023EB000AF2A0 /* SecretMessage */ = {
			isa = PBXNativeTarget;
			buildConfigurationList = B38A3D4A24D023ED000AF2A0 /* Build configuration list for PBXNativeTarget "SecretMessage" */;
			buildPhases = (
				7866295228B454723F2B0A8C /* [CP] Check Pods Manifest.lock */,
				B38A3D3224D023EB000AF2A0 /* Sources */,
				B38A3D3324D023EB000AF2A0 /* Frameworks */,
				B38A3D3424D023EB000AF2A0 /* Resources */,
				DE847580A2DCC7DE2BD8BDF6 /* [CP] Embed Pods Frameworks */,
			);
			buildRules = (
			);
			dependencies = (
			);
			name = SecretMessage;
			productName = SecretMessage;
			productReference = B38A3D3624D023EB000AF2A0 /* SecretMessage.app */;
			productType = "com.apple.product-type.application";
		};
/* End PBXNativeTarget section */

/* Begin PBXProject section */
		B38A3D2E24D023EB000AF2A0 /* Project object */ = {
			isa = PBXProject;
			attributes = {
				LastSwiftUpdateCheck = 1160;
				LastUpgradeCheck = 1160;
				ORGANIZATIONNAME = "Guillermo Peñarando Sánchez";
				TargetAttributes = {
					B38A3D3524D023EB000AF2A0 = {
						CreatedOnToolsVersion = 11.6;
					};
				};
			};
			buildConfigurationList = B38A3D3124D023EB000AF2A0 /* Build configuration list for PBXProject "SecretMessage" */;
			compatibilityVersion = "Xcode 9.3";
			developmentRegion = en;
			hasScannedForEncodings = 0;
			knownRegions = (
				en,
				Base,
			);
			mainGroup = B38A3D2D24D023EB000AF2A0;
			productRefGroup = B38A3D3724D023EB000AF2A0 /* Products */;
			projectDirPath = "";
			projectRoot = "";
			targets = (
				B38A3D3524D023EB000AF2A0 /* SecretMessage */,
			);
		};
/* End PBXProject section */

/* Begin PBXResourcesBuildPhase section */
		B38A3D3424D023EB000AF2A0 /* Resources */ = {
			isa = PBXResourcesBuildPhase;
			buildActionMask = 2147483647;
			files = (
				B38A3D4624D023ED000AF2A0 /* LaunchScreen.storyboard in Resources */,
				B38A3D4324D023ED000AF2A0 /* Assets.xcassets in Resources */,
				B38A3D4124D023EB000AF2A0 /* Main.storyboard in Resources */,
			);
			runOnlyForDeploymentPostprocessing = 0;
		};
/* End PBXResourcesBuildPhase section */

/* Begin PBXShellScriptBuildPhase section */
		7866295228B454723F2B0A8C /* [CP] Check Pods Manifest.lock */ = {
			isa = PBXShellScriptBuildPhase;
			buildActionMask = 2147483647;
			files = (
			);
			inputFileListPaths = (
			);
			inputPaths = (
				"${PODS_PODFILE_DIR_PATH}/Podfile.lock",
				"${PODS_ROOT}/Manifest.lock",
			);
			name = "[CP] Check Pods Manifest.lock";
			outputFileListPaths = (
			);
			outputPaths = (
				"$(DERIVED_FILE_DIR)/Pods-SecretMessage-checkManifestLockResult.txt",
			);
			runOnlyForDeploymentPostprocessing = 0;
			shellPath = /bin/sh;
			shellScript = "diff \"${PODS_PODFILE_DIR_PATH}/Podfile.lock\" \"${PODS_ROOT}/Manifest.lock\" > /dev/null\nif [ $? != 0 ] ; then\n    # print error to STDERR\n    echo \"error: The sandbox is not in sync with the Podfile.lock. Run 'pod install' or update your CocoaPods installation.\" >&2\n    exit 1\nfi\n# This output is used by Xcode 'outputs' to avoid re-running this script phase.\necho \"SUCCESS\" > \"${SCRIPT_OUTPUT_FILE_0}\"\n";
			showEnvVarsInLog = 0;
		};
		DE847580A2DCC7DE2BD8BDF6 /* [CP] Embed Pods Frameworks */ = {
			isa = PBXShellScriptBuildPhase;
			buildActionMask = 8;
			files = (
			);
			inputFileListPaths = (
				"${PODS_ROOT}/Target Support Files/Pods-SecretMessage/Pods-SecretMessage-frameworks-${CONFIGURATION}-input-files.xcfilelist",
			);
			name = "[CP] Embed Pods Frameworks";
			outputFileListPaths = (
				"${PODS_ROOT}/Target Support Files/Pods-SecretMessage/Pods-SecretMessage-frameworks-${CONFIGURATION}-output-files.xcfilelist",
			);
			runOnlyForDeploymentPostprocessing = 1;
			shellPath = /bin/sh;
			shellScript = "\"${PODS_ROOT}/Target Support Files/Pods-SecretMessage/Pods-SecretMessage-frameworks.sh\"\n";
			showEnvVarsInLog = 0;
		};
/* End PBXShellScriptBuildPhase section */

/* Begin PBXSourcesBuildPhase section */
		B38A3D3224D023EB000AF2A0 /* Sources */ = {
			isa = PBXSourcesBuildPhase;
			buildActionMask = 2147483647;
			files = (
				B38A3D3E24D023EB000AF2A0 /* ViewController.swift in Sources */,
				B38A3D3A24D023EB000AF2A0 /* AppDelegate.swift in Sources */,
				B38A3D3C24D023EB000AF2A0 /* SceneDelegate.swift in Sources */,
			);
			runOnlyForDeploymentPostprocessing = 0;
		};
/* End PBXSourcesBuildPhase section */

/* Begin PBXVariantGroup section */
		B38A3D3F24D023EB000AF2A0 /* Main.storyboard */ = {
			isa = PBXVariantGroup;
			children = (
				B38A3D4024D023EB000AF2A0 /* Base */,
			);
			name = Main.storyboard;
			sourceTree = "<group>";
		};
		B38A3D4424D023ED000AF2A0 /* LaunchScreen.storyboard */ = {
			isa = PBXVariantGroup;
			children = (
				B38A3D4524D023ED000AF2A0 /* Base */,
			);
			name = LaunchScreen.storyboard;
			sourceTree = "<group>";
		};
/* End PBXVariantGroup section */

/* Begin XCBuildConfiguration section */
		B38A3D4824D023ED000AF2A0 /* Debug */ = {
			isa = XCBuildConfiguration;
			buildSettings = {
				ALWAYS_SEARCH_USER_PATHS = NO;
				CLANG_ANALYZER_NONNULL = YES;
				CLANG_ANALYZER_NUMBER_OBJECT_CONVERSION = YES_AGGRESSIVE;
				CLANG_CXX_LANGUAGE_STANDARD = "gnu++14";
				CLANG_CXX_LIBRARY = "libc++";
				CLANG_ENABLE_MODULES = YES;
				CLANG_ENABLE_OBJC_ARC = YES;
				CLANG_ENABLE_OBJC_WEAK = YES;
				CLANG_WARN_BLOCK_CAPTURE_AUTORELEASING = YES;
				CLANG_WARN_BOOL_CONVERSION = YES;
				CLANG_WARN_COMMA = YES;
				CLANG_WARN_CONSTANT_CONVERSION = YES;
				CLANG_WARN_DEPRECATED_OBJC_IMPLEMENTATIONS = YES;
				CLANG_WARN_DIRECT_OBJC_ISA_USAGE = YES_ERROR;
				CLANG_WARN_DOCUMENTATION_COMMENTS = YES;
				CLANG_WARN_EMPTY_BODY = YES;
				CLANG_WARN_ENUM_CONVERSION = YES;
				CLANG_WARN_INFINITE_RECURSION = YES;
				CLANG_WARN_INT_CONVERSION = YES;
				CLANG_WARN_NON_LITERAL_NULL_CONVERSION = YES;
				CLANG_WARN_OBJC_IMPLICIT_RETAIN_SELF = YES;
				CLANG_WARN_OBJC_LITERAL_CONVERSION = YES;
				CLANG_WARN_OBJC_ROOT_CLASS = YES_ERROR;
				CLANG_WARN_RANGE_LOOP_ANALYSIS = YES;
				CLANG_WARN_STRICT_PROTOTYPES = YES;
				CLANG_WARN_SUSPICIOUS_MOVE = YES;
				CLANG_WARN_UNGUARDED_AVAILABILITY = YES_AGGRESSIVE;
				CLANG_WARN_UNREACHABLE_CODE = YES;
				CLANG_WARN__DUPLICATE_METHOD_MATCH = YES;
				COPY_PHASE_STRIP = NO;
				DEBUG_INFORMATION_FORMAT = dwarf;
				ENABLE_STRICT_OBJC_MSGSEND = YES;
				ENABLE_TESTABILITY = YES;
				GCC_C_LANGUAGE_STANDARD = gnu11;
				GCC_DYNAMIC_NO_PIC = NO;
				GCC_NO_COMMON_BLOCKS = YES;
				GCC_OPTIMIZATION_LEVEL = 0;
				GCC_PREPROCESSOR_DEFINITIONS = (
					"DEBUG=1",
					"$(inherited)",
				);
				GCC_WARN_64_TO_32_BIT_CONVERSION = YES;
				GCC_WARN_ABOUT_RETURN_TYPE = YES_ERROR;
				GCC_WARN_UNDECLARED_SELECTOR = YES;
				GCC_WARN_UNINITIALIZED_AUTOS = YES_AGGRESSIVE;
				GCC_WARN_UNUSED_FUNCTION = YES;
				GCC_WARN_UNUSED_VARIABLE = YES;
				IPHONEOS_DEPLOYMENT_TARGET = 13.6;
				MTL_ENABLE_DEBUG_INFO = INCLUDE_SOURCE;
				MTL_FAST_MATH = YES;
				ONLY_ACTIVE_ARCH = YES;
				SDKROOT = iphoneos;
				SWIFT_ACTIVE_COMPILATION_CONDITIONS = DEBUG;
				SWIFT_OPTIMIZATION_LEVEL = "-Onone";
			};
			name = Debug;
		};
		B38A3D4924D023ED000AF2A0 /* Release */ = {
			isa = XCBuildConfiguration;
			buildSettings = {
				ALWAYS_SEARCH_USER_PATHS = NO;
				CLANG_ANALYZER_NONNULL = YES;
				CLANG_ANALYZER_NUMBER_OBJECT_CONVERSION = YES_AGGRESSIVE;
				CLANG_CXX_LANGUAGE_STANDARD = "gnu++14";
				CLANG_CXX_LIBRARY = "libc++";
				CLANG_ENABLE_MODULES = YES;
				CLANG_ENABLE_OBJC_ARC = YES;
				CLANG_ENABLE_OBJC_WEAK = YES;
				CLANG_WARN_BLOCK_CAPTURE_AUTORELEASING = YES;
				CLANG_WARN_BOOL_CONVERSION = YES;
				CLANG_WARN_COMMA = YES;
				CLANG_WARN_CONSTANT_CONVERSION = YES;
				CLANG_WARN_DEPRECATED_OBJC_IMPLEMENTATIONS = YES;
				CLANG_WARN_DIRECT_OBJC_ISA_USAGE = YES_ERROR;
				CLANG_WARN_DOCUMENTATION_COMMENTS = YES;
				CLANG_WARN_EMPTY_BODY = YES;
				CLANG_WARN_ENUM_CONVERSION = YES;
				CLANG_WARN_INFINITE_RECURSION = YES;
				CLANG_WARN_INT_CONVERSION = YES;
				CLANG_WARN_NON_LITERAL_NULL_CONVERSION = YES;
				CLANG_WARN_OBJC_IMPLICIT_RETAIN_SELF = YES;
				CLANG_WARN_OBJC_LITERAL_CONVERSION = YES;
				CLANG_WARN_OBJC_ROOT_CLASS = YES_ERROR;
				CLANG_WARN_RANGE_LOOP_ANALYSIS = YES;
				CLANG_WARN_STRICT_PROTOTYPES = YES;
				CLANG_WARN_SUSPICIOUS_MOVE = YES;
				CLANG_WARN_UNGUARDED_AVAILABILITY = YES_AGGRESSIVE;
				CLANG_WARN_UNREACHABLE_CODE = YES;
				CLANG_WARN__DUPLICATE_METHOD_MATCH = YES;
				COPY_PHASE_STRIP = NO;
				DEBUG_INFORMATION_FORMAT = "dwarf-with-dsym";
				ENABLE_NS_ASSERTIONS = NO;
				ENABLE_STRICT_OBJC_MSGSEND = YES;
				GCC_C_LANGUAGE_STANDARD = gnu11;
				GCC_NO_COMMON_BLOCKS = YES;
				GCC_WARN_64_TO_32_BIT_CONVERSION = YES;
				GCC_WARN_ABOUT_RETURN_TYPE = YES_ERROR;
				GCC_WARN_UNDECLARED_SELECTOR = YES;
				GCC_WARN_UNINITIALIZED_AUTOS = YES_AGGRESSIVE;
				GCC_WARN_UNUSED_FUNCTION = YES;
				GCC_WARN_UNUSED_VARIABLE = YES;
				IPHONEOS_DEPLOYMENT_TARGET = 13.6;
				MTL_ENABLE_DEBUG_INFO = NO;
				MTL_FAST_MATH = YES;
				SDKROOT = iphoneos;
				SWIFT_COMPILATION_MODE = wholemodule;
				SWIFT_OPTIMIZATION_LEVEL = "-O";
				VALIDATE_PRODUCT = YES;
			};
			name = Release;
		};
		B38A3D4B24D023ED000AF2A0 /* Debug */ = {
			isa = XCBuildConfiguration;
			baseConfigurationReference = 821A9C6B178401D9CCF72914 /* Pods-SecretMessage.debug.xcconfig */;
			buildSettings = {
				ASSETCATALOG_COMPILER_APPICON_NAME = AppIcon;
				CODE_SIGN_STYLE = Automatic;
				DEVELOPMENT_TEAM = 56H3888GF3;
				INFOPLIST_FILE = SecretMessage/Info.plist;
				IPHONEOS_DEPLOYMENT_TARGET = 13.5;
				LD_RUNPATH_SEARCH_PATHS = (
					"$(inherited)",
					"@executable_path/Frameworks",
				);
				PRODUCT_BUNDLE_IDENTIFIER = dev.guillerpsanchez.SecretMessage;
				PRODUCT_NAME = "$(TARGET_NAME)";
				SWIFT_VERSION = 5.0;
				TARGETED_DEVICE_FAMILY = "1,2";
			};
			name = Debug;
		};
		B38A3D4C24D023ED000AF2A0 /* Release */ = {
			isa = XCBuildConfiguration;
			baseConfigurationReference = 0E27398AE3CCA28FDE743184 /* Pods-SecretMessage.release.xcconfig */;
			buildSettings = {
				ASSETCATALOG_COMPILER_APPICON_NAME = AppIcon;
				CODE_SIGN_STYLE = Automatic;
				DEVELOPMENT_TEAM = 56H3888GF3;
				INFOPLIST_FILE = SecretMessage/Info.plist;
				IPHONEOS_DEPLOYMENT_TARGET = 13.5;
				LD_RUNPATH_SEARCH_PATHS = (
					"$(inherited)",
					"@executable_path/Frameworks",
				);
				PRODUCT_BUNDLE_IDENTIFIER = dev.guillerpsanchez.SecretMessage;
				PRODUCT_NAME = "$(TARGET_NAME)";
				SWIFT_VERSION = 5.0;
				TARGETED_DEVICE_FAMILY = "1,2";
			};
			name = Release;
		};
/* End XCBuildConfiguration section */

/* Begin XCConfigurationList section */
		B38A3D3124D023EB000AF2A0 /* Build configuration list for PBXProject "SecretMessage" */ = {
			isa = XCConfigurationList;
			buildConfigurations = (
				B38A3D4824D023ED000AF2A0 /* Debug */,
				B38A3D4924D023ED000AF2A0 /* Release */,
			);
			defaultConfigurationIsVisible = 0;
			defaultConfigurationName = Release;
		};
		B38A3D4A24D023ED000AF2A0 /* Build configuration list for PBXNativeTarget "SecretMessage" */ = {
			isa = XCConfigurationList;
			buildConfigurations = (
				B38A3D4B24D023ED000AF2A0 /* Debug */,
				B38A3D4C24D023ED000AF2A0 /* Release */,
			);
			defaultConfigurationIsVisible = 0;
			defaultConfigurationName = Release;
		};
/* End XCConfigurationList section */
	};
	rootObject = B38A3D2E24D023EB000AF2A0 /* Project object */;
}
